// !$*UTF8*$!
{
	archiveVersion = 1;
	classes = {
	};
	objectVersion = 50;
	objects = {

/* Begin PBXBuildFile section */
		1FA4A0EF20FEE557008843AC /* BackToMainScreen.png in Resources */ = {isa = PBXBuildFile; fileRef = 1FA4A0EE20FEE557008843AC /* BackToMainScreen.png */; };
		1FA4A0F120FEE737008843AC /* icons8-facebook-50.png in Resources */ = {isa = PBXBuildFile; fileRef = 1FA4A0F020FEE736008843AC /* icons8-facebook-50.png */; };
		1FA4A0F320FEE73B008843AC /* icons8-instagram-50.png in Resources */ = {isa = PBXBuildFile; fileRef = 1FA4A0F220FEE73B008843AC /* icons8-instagram-50.png */; };
		1FA4A0F520FEE855008843AC /* ClickLogoPurple.png in Resources */ = {isa = PBXBuildFile; fileRef = 1FA4A0F420FEE855008843AC /* ClickLogoPurple.png */; };
		1FA4A0F720FEE95B008843AC /* ClickLogoGreen.png in Resources */ = {isa = PBXBuildFile; fileRef = 1FA4A0F620FEE95B008843AC /* ClickLogoGreen.png */; };
		1FB5D57720F8427A002A21C0 /* AppDelegate.swift in Sources */ = {isa = PBXBuildFile; fileRef = 1FB5D57620F8427A002A21C0 /* AppDelegate.swift */; };
		1FB5D57920F8427A002A21C0 /* ViewController.swift in Sources */ = {isa = PBXBuildFile; fileRef = 1FB5D57820F8427A002A21C0 /* ViewController.swift */; };
		1FB5D57C20F8427A002A21C0 /* Main.storyboard in Resources */ = {isa = PBXBuildFile; fileRef = 1FB5D57A20F8427A002A21C0 /* Main.storyboard */; };
		1FB5D57E20F8427C002A21C0 /* Assets.xcassets in Resources */ = {isa = PBXBuildFile; fileRef = 1FB5D57D20F8427C002A21C0 /* Assets.xcassets */; };
		1FB5D58120F8427C002A21C0 /* LaunchScreen.storyboard in Resources */ = {isa = PBXBuildFile; fileRef = 1FB5D57F20F8427C002A21C0 /* LaunchScreen.storyboard */; };
		1FB5D58C20F8427C002A21C0 /* Cafe_MenuTests.swift in Sources */ = {isa = PBXBuildFile; fileRef = 1FB5D58B20F8427C002A21C0 /* Cafe_MenuTests.swift */; };
		1FB5D59720F8427C002A21C0 /* Cafe_MenuUITests.swift in Sources */ = {isa = PBXBuildFile; fileRef = 1FB5D59620F8427C002A21C0 /* Cafe_MenuUITests.swift */; };
		1FB5D5A520F8503F002A21C0 /* ViewController_Load.swift in Sources */ = {isa = PBXBuildFile; fileRef = 1FB5D5A420F8503F002A21C0 /* ViewController_Load.swift */; };
		1FB5D5AB20F85765002A21C0 /* Cafe Menu - Background.png in Resources */ = {isa = PBXBuildFile; fileRef = 1FB5D5AA20F85765002A21C0 /* Cafe Menu - Background.png */; };
		1FB5D5AD20F85861002A21C0 /* LogoWhite.png in Resources */ = {isa = PBXBuildFile; fileRef = 1FB5D5AC20F85861002A21C0 /* LogoWhite.png */; };
		1FB5D5AF20F85CA9002A21C0 /* LogoRoundCorners.png in Resources */ = {isa = PBXBuildFile; fileRef = 1FB5D5AE20F85CA9002A21C0 /* LogoRoundCorners.png */; };
		1FCA1A7620FDB33F002A6002 /* icons8-instagram-30.png in Resources */ = {isa = PBXBuildFile; fileRef = 1FCA1A7520FDB33F002A6002 /* icons8-instagram-30.png */; };
		1FCA1A7820FDB344002A6002 /* icons8-facebook-30.png in Resources */ = {isa = PBXBuildFile; fileRef = 1FCA1A7720FDB344002A6002 /* icons8-facebook-30.png */; };
		1FEAEB9A20FC498E00520521 /* CallUsNow.png in Resources */ = {isa = PBXBuildFile; fileRef = 1FEAEB9920FC498E00520521 /* CallUsNow.png */; };
		1FEAEB9C20FC4B2E00520521 /* GetDirections.png in Resources */ = {isa = PBXBuildFile; fileRef = 1FEAEB9B20FC4B2E00520521 /* GetDirections.png */; };
/* End PBXBuildFile section */

/* Begin PBXContainerItemProxy section */
		1FB5D58820F8427C002A21C0 /* PBXContainerItemProxy */ = {
			isa = PBXContainerItemProxy;
			containerPortal = 1FB5D56B20F8427A002A21C0 /* Project object */;
			proxyType = 1;
			remoteGlobalIDString = 1FB5D57220F8427A002A21C0;
			remoteInfo = "Cafe Menu";
		};
		1FB5D59320F8427C002A21C0 /* PBXContainerItemProxy */ = {
			isa = PBXContainerItemProxy;
			containerPortal = 1FB5D56B20F8427A002A21C0 /* Project object */;
			proxyType = 1;
			remoteGlobalIDString = 1FB5D57220F8427A002A21C0;
			remoteInfo = "Cafe Menu";
		};
/* End PBXContainerItemProxy section */

/* Begin PBXFileReference section */
		1FA4A0EE20FEE557008843AC /* BackToMainScreen.png */ = {isa = PBXFileReference; lastKnownFileType = image.png; path = BackToMainScreen.png; sourceTree = "<group>"; };
		1FA4A0F020FEE736008843AC /* icons8-facebook-50.png */ = {isa = PBXFileReference; lastKnownFileType = image.png; path = "icons8-facebook-50.png"; sourceTree = "<group>"; };
		1FA4A0F220FEE73B008843AC /* icons8-instagram-50.png */ = {isa = PBXFileReference; lastKnownFileType = image.png; path = "icons8-instagram-50.png"; sourceTree = "<group>"; };
		1FA4A0F420FEE855008843AC /* ClickLogoPurple.png */ = {isa = PBXFileReference; lastKnownFileType = image.png; path = ClickLogoPurple.png; sourceTree = "<group>"; };
		1FA4A0F620FEE95B008843AC /* ClickLogoGreen.png */ = {isa = PBXFileReference; lastKnownFileType = image.png; path = ClickLogoGreen.png; sourceTree = "<group>"; };
		1FB5D57320F8427A002A21C0 /* Cafe Menu.app */ = {isa = PBXFileReference; explicitFileType = wrapper.application; includeInIndex = 0; path = "Cafe Menu.app"; sourceTree = BUILT_PRODUCTS_DIR; };
		1FB5D57620F8427A002A21C0 /* AppDelegate.swift */ = {isa = PBXFileReference; lastKnownFileType = sourcecode.swift; path = AppDelegate.swift; sourceTree = "<group>"; };
		1FB5D57820F8427A002A21C0 /* ViewController.swift */ = {isa = PBXFileReference; lastKnownFileType = sourcecode.swift; path = ViewController.swift; sourceTree = "<group>"; };
		1FB5D57B20F8427A002A21C0 /* Base */ = {isa = PBXFileReference; lastKnownFileType = file.storyboard; name = Base; path = Base.lproj/Main.storyboard; sourceTree = "<group>"; };
		1FB5D57D20F8427C002A21C0 /* Assets.xcassets */ = {isa = PBXFileReference; lastKnownFileType = folder.assetcatalog; path = Assets.xcassets; sourceTree = "<group>"; };
		1FB5D58020F8427C002A21C0 /* Base */ = {isa = PBXFileReference; lastKnownFileType = file.storyboard; name = Base; path = Base.lproj/LaunchScreen.storyboard; sourceTree = "<group>"; };
		1FB5D58220F8427C002A21C0 /* Info.plist */ = {isa = PBXFileReference; lastKnownFileType = text.plist.xml; path = Info.plist; sourceTree = "<group>"; };
		1FB5D58720F8427C002A21C0 /* Cafe MenuTests.xctest */ = {isa = PBXFileReference; explicitFileType = wrapper.cfbundle; includeInIndex = 0; path = "Cafe MenuTests.xctest"; sourceTree = BUILT_PRODUCTS_DIR; };
		1FB5D58B20F8427C002A21C0 /* Cafe_MenuTests.swift */ = {isa = PBXFileReference; lastKnownFileType = sourcecode.swift; path = Cafe_MenuTests.swift; sourceTree = "<group>"; };
		1FB5D58D20F8427C002A21C0 /* Info.plist */ = {isa = PBXFileReference; lastKnownFileType = text.plist.xml; path = Info.plist; sourceTree = "<group>"; };
		1FB5D59220F8427C002A21C0 /* Cafe MenuUITests.xctest */ = {isa = PBXFileReference; explicitFileType = wrapper.cfbundle; includeInIndex = 0; path = "Cafe MenuUITests.xctest"; sourceTree = BUILT_PRODUCTS_DIR; };
		1FB5D59620F8427C002A21C0 /* Cafe_MenuUITests.swift */ = {isa = PBXFileReference; lastKnownFileType = sourcecode.swift; path = Cafe_MenuUITests.swift; sourceTree = "<group>"; };
		1FB5D59820F8427C002A21C0 /* Info.plist */ = {isa = PBXFileReference; lastKnownFileType = text.plist.xml; path = Info.plist; sourceTree = "<group>"; };
		1FB5D5A420F8503F002A21C0 /* ViewController_Load.swift */ = {isa = PBXFileReference; lastKnownFileType = sourcecode.swift; path = ViewController_Load.swift; sourceTree = "<group>"; };
		1FB5D5AA20F85765002A21C0 /* Cafe Menu - Background.png */ = {isa = PBXFileReference; lastKnownFileType = image.png; path = "Cafe Menu - Background.png"; sourceTree = "<group>"; };
		1FB5D5AC20F85861002A21C0 /* LogoWhite.png */ = {isa = PBXFileReference; lastKnownFileType = image.png; path = LogoWhite.png; sourceTree = "<group>"; };
		1FB5D5AE20F85CA9002A21C0 /* LogoRoundCorners.png */ = {isa = PBXFileReference; lastKnownFileType = image.png; path = LogoRoundCorners.png; sourceTree = "<group>"; };
		1FCA1A7520FDB33F002A6002 /* icons8-instagram-30.png */ = {isa = PBXFileReference; lastKnownFileType = image.png; path = "icons8-instagram-30.png"; sourceTree = "<group>"; };
		1FCA1A7720FDB344002A6002 /* icons8-facebook-30.png */ = {isa = PBXFileReference; lastKnownFileType = image.png; path = "icons8-facebook-30.png"; sourceTree = "<group>"; };
		1FEAEB9920FC498E00520521 /* CallUsNow.png */ = {isa = PBXFileReference; lastKnownFileType = image.png; path = CallUsNow.png; sourceTree = "<group>"; };
		1FEAEB9B20FC4B2E00520521 /* GetDirections.png */ = {isa = PBXFileReference; lastKnownFileType = image.png; path = GetDirections.png; sourceTree = "<group>"; };
/* End PBXFileReference section */

/* Begin PBXFrameworksBuildPhase section */
		1FB5D57020F8427A002A21C0 /* Frameworks */ = {
			isa = PBXFrameworksBuildPhase;
			buildActionMask = 2147483647;
			files = (
			);
			runOnlyForDeploymentPostprocessing = 0;
		};
		1FB5D58420F8427C002A21C0 /* Frameworks */ = {
			isa = PBXFrameworksBuildPhase;
			buildActionMask = 2147483647;
			files = (
			);
			runOnlyForDeploymentPostprocessing = 0;
		};
		1FB5D58F20F8427C002A21C0 /* Frameworks */ = {
			isa = PBXFrameworksBuildPhase;
			buildActionMask = 2147483647;
			files = (
			);
			runOnlyForDeploymentPostprocessing = 0;
		};
/* End PBXFrameworksBuildPhase section */

/* Begin PBXGroup section */
		1FB5D56A20F8427A002A21C0 = {
			isa = PBXGroup;
			children = (
				1FB5D5A620F85563002A21C0 /* Images */,
				1FB5D57520F8427A002A21C0 /* Cafe Menu */,
				1FB5D58A20F8427C002A21C0 /* Cafe MenuTests */,
				1FB5D59520F8427C002A21C0 /* Cafe MenuUITests */,
				1FB5D57420F8427A002A21C0 /* Products */,
			);
			sourceTree = "<group>";
		};
		1FB5D57420F8427A002A21C0 /* Products */ = {
			isa = PBXGroup;
			children = (
				1FB5D57320F8427A002A21C0 /* Cafe Menu.app */,
				1FB5D58720F8427C002A21C0 /* Cafe MenuTests.xctest */,
				1FB5D59220F8427C002A21C0 /* Cafe MenuUITests.xctest */,
			);
			name = Products;
			sourceTree = "<group>";
		};
		1FB5D57520F8427A002A21C0 /* Cafe Menu */ = {
			isa = PBXGroup;
			children = (
				1FB5D57620F8427A002A21C0 /* AppDelegate.swift */,
				1FB5D57820F8427A002A21C0 /* ViewController.swift */,
				1FB5D57A20F8427A002A21C0 /* Main.storyboard */,
				1FB5D57D20F8427C002A21C0 /* Assets.xcassets */,
				1FB5D57F20F8427C002A21C0 /* LaunchScreen.storyboard */,
				1FB5D58220F8427C002A21C0 /* Info.plist */,
				1FB5D5A420F8503F002A21C0 /* ViewController_Load.swift */,
			);
			path = "Cafe Menu";
			sourceTree = "<group>";
		};
		1FB5D58A20F8427C002A21C0 /* Cafe MenuTests */ = {
			isa = PBXGroup;
			children = (
				1FB5D58B20F8427C002A21C0 /* Cafe_MenuTests.swift */,
				1FB5D58D20F8427C002A21C0 /* Info.plist */,
			);
			path = "Cafe MenuTests";
			sourceTree = "<group>";
		};
		1FB5D59520F8427C002A21C0 /* Cafe MenuUITests */ = {
			isa = PBXGroup;
			children = (
				1FB5D59620F8427C002A21C0 /* Cafe_MenuUITests.swift */,
				1FB5D59820F8427C002A21C0 /* Info.plist */,
			);
			path = "Cafe MenuUITests";
			sourceTree = "<group>";
		};
		1FB5D5A620F85563002A21C0 /* Images */ = {
			isa = PBXGroup;
			children = (
				1FB5D5AA20F85765002A21C0 /* Cafe Menu - Background.png */,
				1FB5D5AC20F85861002A21C0 /* LogoWhite.png */,
				1FB5D5AE20F85CA9002A21C0 /* LogoRoundCorners.png */,
				1FEAEB9920FC498E00520521 /* CallUsNow.png */,
				1FEAEB9B20FC4B2E00520521 /* GetDirections.png */,
				1FCA1A7520FDB33F002A6002 /* icons8-instagram-30.png */,
				1FCA1A7720FDB344002A6002 /* icons8-facebook-30.png */,
				1FA4A0EE20FEE557008843AC /* BackToMainScreen.png */,
				1FA4A0F020FEE736008843AC /* icons8-facebook-50.png */,
				1FA4A0F220FEE73B008843AC /* icons8-instagram-50.png */,
				1FA4A0F420FEE855008843AC /* ClickLogoPurple.png */,
				1FA4A0F620FEE95B008843AC /* ClickLogoGreen.png */,
			);
			path = Images;
			sourceTree = "<group>";
		};
/* End PBXGroup section */

/* Begin PBXNativeTarget section */
		1FB5D57220F8427A002A21C0 /* Cafe Menu */ = {
			isa = PBXNativeTarget;
			buildConfigurationList = 1FB5D59B20F8427C002A21C0 /* Build configuration list for PBXNativeTarget "Cafe Menu" */;
			buildPhases = (
				1FB5D56F20F8427A002A21C0 /* Sources */,
				1FB5D57020F8427A002A21C0 /* Frameworks */,
				1FB5D57120F8427A002A21C0 /* Resources */,
			);
			buildRules = (
			);
			dependencies = (
			);
			name = "Cafe Menu";
			productName = "Cafe Menu";
			productReference = 1FB5D57320F8427A002A21C0 /* Cafe Menu.app */;
			productType = "com.apple.product-type.application";
		};
		1FB5D58620F8427C002A21C0 /* Cafe MenuTests */ = {
			isa = PBXNativeTarget;
			buildConfigurationList = 1FB5D59E20F8427C002A21C0 /* Build configuration list for PBXNativeTarget "Cafe MenuTests" */;
			buildPhases = (
				1FB5D58320F8427C002A21C0 /* Sources */,
				1FB5D58420F8427C002A21C0 /* Frameworks */,
				1FB5D58520F8427C002A21C0 /* Resources */,
			);
			buildRules = (
			);
			dependencies = (
				1FB5D58920F8427C002A21C0 /* PBXTargetDependency */,
			);
			name = "Cafe MenuTests";
			productName = "Cafe MenuTests";
			productReference = 1FB5D58720F8427C002A21C0 /* Cafe MenuTests.xctest */;
			productType = "com.apple.product-type.bundle.unit-test";
		};
		1FB5D59120F8427C002A21C0 /* Cafe MenuUITests */ = {
			isa = PBXNativeTarget;
			buildConfigurationList = 1FB5D5A120F8427C002A21C0 /* Build configuration list for PBXNativeTarget "Cafe MenuUITests" */;
			buildPhases = (
				1FB5D58E20F8427C002A21C0 /* Sources */,
				1FB5D58F20F8427C002A21C0 /* Frameworks */,
				1FB5D59020F8427C002A21C0 /* Resources */,
			);
			buildRules = (
			);
			dependencies = (
				1FB5D59420F8427C002A21C0 /* PBXTargetDependency */,
			);
			name = "Cafe MenuUITests";
			productName = "Cafe MenuUITests";
			productReference = 1FB5D59220F8427C002A21C0 /* Cafe MenuUITests.xctest */;
			productType = "com.apple.product-type.bundle.ui-testing";
		};
/* End PBXNativeTarget section */

/* Begin PBXProject section */
		1FB5D56B20F8427A002A21C0 /* Project object */ = {
			isa = PBXProject;
			attributes = {
				LastSwiftUpdateCheck = 1000;
				LastUpgradeCheck = 1000;
				ORGANIZATIONNAME = "Chris Carty";
				TargetAttributes = {
					1FB5D57220F8427A002A21C0 = {
						CreatedOnToolsVersion = 10.0;
					};
					1FB5D58620F8427C002A21C0 = {
						CreatedOnToolsVersion = 10.0;
						TestTargetID = 1FB5D57220F8427A002A21C0;
					};
					1FB5D59120F8427C002A21C0 = {
						CreatedOnToolsVersion = 10.0;
						TestTargetID = 1FB5D57220F8427A002A21C0;
					};
				};
			};
			buildConfigurationList = 1FB5D56E20F8427A002A21C0 /* Build configuration list for PBXProject "Cafe Menu" */;
			compatibilityVersion = "Xcode 9.3";
			developmentRegion = en;
			hasScannedForEncodings = 0;
			knownRegions = (
				en,
				Base,
			);
			mainGroup = 1FB5D56A20F8427A002A21C0;
			productRefGroup = 1FB5D57420F8427A002A21C0 /* Products */;
			projectDirPath = "";
			projectRoot = "";
			targets = (
				1FB5D57220F8427A002A21C0 /* Cafe Menu */,
				1FB5D58620F8427C002A21C0 /* Cafe MenuTests */,
				1FB5D59120F8427C002A21C0 /* Cafe MenuUITests */,
			);
		};
/* End PBXProject section */

/* Begin PBXResourcesBuildPhase section */
		1FB5D57120F8427A002A21C0 /* Resources */ = {
			isa = PBXResourcesBuildPhase;
			buildActionMask = 2147483647;
			files = (
				1FEAEB9C20FC4B2E00520521 /* GetDirections.png in Resources */,
				1FEAEB9A20FC498E00520521 /* CallUsNow.png in Resources */,
				1FCA1A7820FDB344002A6002 /* icons8-facebook-30.png in Resources */,
				1FA4A0F320FEE73B008843AC /* icons8-instagram-50.png in Resources */,
				1FB5D5AD20F85861002A21C0 /* LogoWhite.png in Resources */,
				1FA4A0F520FEE855008843AC /* ClickLogoPurple.png in Resources */,
				1FA4A0EF20FEE557008843AC /* BackToMainScreen.png in Resources */,
				1FB5D5AB20F85765002A21C0 /* Cafe Menu - Background.png in Resources */,
				1FB5D58120F8427C002A21C0 /* LaunchScreen.storyboard in Resources */,
				1FB5D57E20F8427C002A21C0 /* Assets.xcassets in Resources */,
				1FCA1A7620FDB33F002A6002 /* icons8-instagram-30.png in Resources */,
				1FA4A0F120FEE737008843AC /* icons8-facebook-50.png in Resources */,
				1FA4A0F720FEE95B008843AC /* ClickLogoGreen.png in Resources */,
				1FB5D57C20F8427A002A21C0 /* Main.storyboard in Resources */,
				1FB5D5AF20F85CA9002A21C0 /* LogoRoundCorners.png in Resources */,
			);
			runOnlyForDeploymentPostprocessing = 0;
		};
		1FB5D58520F8427C002A21C0 /* Resources */ = {
			isa = PBXResourcesBuildPhase;
			buildActionMask = 2147483647;
			files = (
			);
			runOnlyForDeploymentPostprocessing = 0;
		};
		1FB5D59020F8427C002A21C0 /* Resources */ = {
			isa = PBXResourcesBuildPhase;
			buildActionMask = 2147483647;
			files = (
			);
			runOnlyForDeploymentPostprocessing = 0;
		};
/* End PBXResourcesBuildPhase section */

/* Begin PBXSourcesBuildPhase section */
		1FB5D56F20F8427A002A21C0 /* Sources */ = {
			isa = PBXSourcesBuildPhase;
			buildActionMask = 2147483647;
			files = (
				1FB5D5A520F8503F002A21C0 /* ViewController_Load.swift in Sources */,
				1FB5D57920F8427A002A21C0 /* ViewController.swift in Sources */,
				1FB5D57720F8427A002A21C0 /* AppDelegate.swift in Sources */,
			);
			runOnlyForDeploymentPostprocessing = 0;
		};
		1FB5D58320F8427C002A21C0 /* Sources */ = {
			isa = PBXSourcesBuildPhase;
			buildActionMask = 2147483647;
			files = (
				1FB5D58C20F8427C002A21C0 /* Cafe_MenuTests.swift in Sources */,
			);
			runOnlyForDeploymentPostprocessing = 0;
		};
		1FB5D58E20F8427C002A21C0 /* Sources */ = {
			isa = PBXSourcesBuildPhase;
			buildActionMask = 2147483647;
			files = (
				1FB5D59720F8427C002A21C0 /* Cafe_MenuUITests.swift in Sources */,
			);
			runOnlyForDeploymentPostprocessing = 0;
		};
/* End PBXSourcesBuildPhase section */

/* Begin PBXTargetDependency section */
		1FB5D58920F8427C002A21C0 /* PBXTargetDependency */ = {
			isa = PBXTargetDependency;
			target = 1FB5D57220F8427A002A21C0 /* Cafe Menu */;
			targetProxy = 1FB5D58820F8427C002A21C0 /* PBXContainerItemProxy */;
		};
		1FB5D59420F8427C002A21C0 /* PBXTargetDependency */ = {
			isa = PBXTargetDependency;
			target = 1FB5D57220F8427A002A21C0 /* Cafe Menu */;
			targetProxy = 1FB5D59320F8427C002A21C0 /* PBXContainerItemProxy */;
		};
/* End PBXTargetDependency section */

/* Begin PBXVariantGroup section */
		1FB5D57A20F8427A002A21C0 /* Main.storyboard */ = {
			isa = PBXVariantGroup;
			children = (
				1FB5D57B20F8427A002A21C0 /* Base */,
			);
			name = Main.storyboard;
			sourceTree = "<group>";
		};
		1FB5D57F20F8427C002A21C0 /* LaunchScreen.storyboard */ = {
			isa = PBXVariantGroup;
			children = (
				1FB5D58020F8427C002A21C0 /* Base */,
			);
			name = LaunchScreen.storyboard;
			sourceTree = "<group>";
		};
/* End PBXVariantGroup section */

/* Begin XCBuildConfiguration section */
		1FB5D59920F8427C002A21C0 /* Debug */ = {
			isa = XCBuildConfiguration;
			buildSettings = {
				ALWAYS_SEARCH_USER_PATHS = NO;
				CLANG_ANALYZER_NONNULL = YES;
				CLANG_ANALYZER_NUMBER_OBJECT_CONVERSION = YES_AGGRESSIVE;
				CLANG_CXX_LANGUAGE_STANDARD = "gnu++14";
				CLANG_CXX_LIBRARY = "libc++";
				CLANG_ENABLE_MODULES = YES;
				CLANG_ENABLE_OBJC_ARC = YES;
				CLANG_ENABLE_OBJC_WEAK = YES;
				CLANG_WARN_BLOCK_CAPTURE_AUTORELEASING = YES;
				CLANG_WARN_BOOL_CONVERSION = YES;
				CLANG_WARN_COMMA = YES;
				CLANG_WARN_CONSTANT_CONVERSION = YES;
				CLANG_WARN_DEPRECATED_OBJC_IMPLEMENTATIONS = YES;
				CLANG_WARN_DIRECT_OBJC_ISA_USAGE = YES_ERROR;
				CLANG_WARN_DOCUMENTATION_COMMENTS = YES;
				CLANG_WARN_EMPTY_BODY = YES;
				CLANG_WARN_ENUM_CONVERSION = YES;
				CLANG_WARN_INFINITE_RECURSION = YES;
				CLANG_WARN_INT_CONVERSION = YES;
				CLANG_WARN_NON_LITERAL_NULL_CONVERSION = YES;
				CLANG_WARN_OBJC_IMPLICIT_RETAIN_SELF = YES;
				CLANG_WARN_OBJC_LITERAL_CONVERSION = YES;
				CLANG_WARN_OBJC_ROOT_CLASS = YES_ERROR;
				CLANG_WARN_RANGE_LOOP_ANALYSIS = YES;
				CLANG_WARN_STRICT_PROTOTYPES = YES;
				CLANG_WARN_SUSPICIOUS_MOVE = YES;
				CLANG_WARN_UNGUARDED_AVAILABILITY = YES_AGGRESSIVE;
				CLANG_WARN_UNREACHABLE_CODE = YES;
				CLANG_WARN__DUPLICATE_METHOD_MATCH = YES;
				CODE_SIGN_IDENTITY = "iPhone Developer";
				COPY_PHASE_STRIP = NO;
				DEBUG_INFORMATION_FORMAT = dwarf;
				ENABLE_STRICT_OBJC_MSGSEND = YES;
				ENABLE_TESTABILITY = YES;
				GCC_C_LANGUAGE_STANDARD = gnu11;
				GCC_DYNAMIC_NO_PIC = NO;
				GCC_NO_COMMON_BLOCKS = YES;
				GCC_OPTIMIZATION_LEVEL = 0;
				GCC_PREPROCESSOR_DEFINITIONS = (
					"DEBUG=1",
					"$(inherited)",
				);
				GCC_WARN_64_TO_32_BIT_CONVERSION = YES;
				GCC_WARN_ABOUT_RETURN_TYPE = YES_ERROR;
				GCC_WARN_UNDECLARED_SELECTOR = YES;
				GCC_WARN_UNINITIALIZED_AUTOS = YES_AGGRESSIVE;
				GCC_WARN_UNUSED_FUNCTION = YES;
				GCC_WARN_UNUSED_VARIABLE = YES;
				IPHONEOS_DEPLOYMENT_TARGET = 11.4;
				MTL_ENABLE_DEBUG_INFO = INCLUDE_SOURCE;
				ONLY_ACTIVE_ARCH = YES;
				SDKROOT = iphoneos;
				SWIFT_ACTIVE_COMPILATION_CONDITIONS = DEBUG;
				SWIFT_OPTIMIZATION_LEVEL = "-Onone";
			};
			name = Debug;
		};
		1FB5D59A20F8427C002A21C0 /* Release */ = {
			isa = XCBuildConfiguration;
			buildSettings = {
				ALWAYS_SEARCH_USER_PATHS = NO;
				CLANG_ANALYZER_NONNULL = YES;
				CLANG_ANALYZER_NUMBER_OBJECT_CONVERSION = YES_AGGRESSIVE;
				CLANG_CXX_LANGUAGE_STANDARD = "gnu++14";
				CLANG_CXX_LIBRARY = "libc++";
				CLANG_ENABLE_MODULES = YES;
				CLANG_ENABLE_OBJC_ARC = YES;
				CLANG_ENABLE_OBJC_WEAK = YES;
				CLANG_WARN_BLOCK_CAPTURE_AUTORELEASING = YES;
				CLANG_WARN_BOOL_CONVERSION = YES;
				CLANG_WARN_COMMA = YES;
				CLANG_WARN_CONSTANT_CONVERSION = YES;
				CLANG_WARN_DEPRECATED_OBJC_IMPLEMENTATIONS = YES;
				CLANG_WARN_DIRECT_OBJC_ISA_USAGE = YES_ERROR;
				CLANG_WARN_DOCUMENTATION_COMMENTS = YES;
				CLANG_WARN_EMPTY_BODY = YES;
				CLANG_WARN_ENUM_CONVERSION = YES;
				CLANG_WARN_INFINITE_RECURSION = YES;
				CLANG_WARN_INT_CONVERSION = YES;
				CLANG_WARN_NON_LITERAL_NULL_CONVERSION = YES;
				CLANG_WARN_OBJC_IMPLICIT_RETAIN_SELF = YES;
				CLANG_WARN_OBJC_LITERAL_CONVERSION = YES;
				CLANG_WARN_OBJC_ROOT_CLASS = YES_ERROR;
				CLANG_WARN_RANGE_LOOP_ANALYSIS = YES;
				CLANG_WARN_STRICT_PROTOTYPES = YES;
				CLANG_WARN_SUSPICIOUS_MOVE = YES;
				CLANG_WARN_UNGUARDED_AVAILABILITY = YES_AGGRESSIVE;
				CLANG_WARN_UNREACHABLE_CODE = YES;
				CLANG_WARN__DUPLICATE_METHOD_MATCH = YES;
				CODE_SIGN_IDENTITY = "iPhone Developer";
				COPY_PHASE_STRIP = NO;
				DEBUG_INFORMATION_FORMAT = "dwarf-with-dsym";
				ENABLE_NS_ASSERTIONS = NO;
				ENABLE_STRICT_OBJC_MSGSEND = YES;
				GCC_C_LANGUAGE_STANDARD = gnu11;
				GCC_NO_COMMON_BLOCKS = YES;
				GCC_WARN_64_TO_32_BIT_CONVERSION = YES;
				GCC_WARN_ABOUT_RETURN_TYPE = YES_ERROR;
				GCC_WARN_UNDECLARED_SELECTOR = YES;
				GCC_WARN_UNINITIALIZED_AUTOS = YES_AGGRESSIVE;
				GCC_WARN_UNUSED_FUNCTION = YES;
				GCC_WARN_UNUSED_VARIABLE = YES;
				IPHONEOS_DEPLOYMENT_TARGET = 11.4;
				MTL_ENABLE_DEBUG_INFO = NO;
				SDKROOT = iphoneos;
				SWIFT_COMPILATION_MODE = wholemodule;
				SWIFT_OPTIMIZATION_LEVEL = "-O";
				VALIDATE_PRODUCT = YES;
			};
			name = Release;
		};
		1FB5D59C20F8427C002A21C0 /* Debug */ = {
			isa = XCBuildConfiguration;
			buildSettings = {
				ASSETCATALOG_COMPILER_APPICON_NAME = AppIcon;
				CODE_SIGN_STYLE = Automatic;
				DEVELOPMENT_TEAM = NPHK93KV27;
				INFOPLIST_FILE = "Cafe Menu/Info.plist";
				IPHONEOS_DEPLOYMENT_TARGET = 11.4;
				LD_RUNPATH_SEARCH_PATHS = (
					"$(inherited)",
					"@executable_path/Frameworks",
				);
				PRODUCT_BUNDLE_IDENTIFIER = "Enlightened-Cafe.Cafe-Menu";
				PRODUCT_NAME = "$(TARGET_NAME)";
				SWIFT_VERSION = 4.2;
				TARGETED_DEVICE_FAMILY = 1;
			};
			name = Debug;
		};
		1FB5D59D20F8427C002A21C0 /* Release */ = {
			isa = XCBuildConfiguration;
			buildSettings = {
				ASSETCATALOG_COMPILER_APPICON_NAME = AppIcon;
				CODE_SIGN_STYLE = Automatic;
				DEVELOPMENT_TEAM = NPHK93KV27;
				INFOPLIST_FILE = "Cafe Menu/Info.plist";
				IPHONEOS_DEPLOYMENT_TARGET = 11.4;
				LD_RUNPATH_SEARCH_PATHS = (
					"$(inherited)",
					"@executable_path/Frameworks",
				);
				PRODUCT_BUNDLE_IDENTIFIER = "Enlightened-Cafe.Cafe-Menu";
				PRODUCT_NAME = "$(TARGET_NAME)";
				SWIFT_VERSION = 4.2;
				TARGETED_DEVICE_FAMILY = 1;
			};
			name = Release;
		};
		1FB5D59F20F8427C002A21C0 /* Debug */ = {
			isa = XCBuildConfiguration;
			buildSettings = {
				ALWAYS_EMBED_SWIFT_STANDARD_LIBRARIES = YES;
				BUNDLE_LOADER = "$(TEST_HOST)";
				CODE_SIGN_STYLE = Automatic;
				DEVELOPMENT_TEAM = NPHK93KV27;
				INFOPLIST_FILE = "Cafe MenuTests/Info.plist";
				LD_RUNPATH_SEARCH_PATHS = (
					"$(inherited)",
					"@executable_path/Frameworks",
					"@loader_path/Frameworks",
				);
				PRODUCT_BUNDLE_IDENTIFIER = "Enlightened-Cafe.Cafe-MenuTests";
				PRODUCT_NAME = "$(TARGET_NAME)";
				SWIFT_VERSION = 4.2;
				TARGETED_DEVICE_FAMILY = "1,2";
				TEST_HOST = "$(BUILT_PRODUCTS_DIR)/Cafe Menu.app/Cafe Menu";
			};
			name = Debug;
		};
		1FB5D5A020F8427C002A21C0 /* Release */ = {
			isa = XCBuildConfiguration;
			buildSettings = {
				ALWAYS_EMBED_SWIFT_STANDARD_LIBRARIES = YES;
				BUNDLE_LOADER = "$(TEST_HOST)";
				CODE_SIGN_STYLE = Automatic;
				DEVELOPMENT_TEAM = NPHK93KV27;
				INFOPLIST_FILE = "Cafe MenuTests/Info.plist";
				LD_RUNPATH_SEARCH_PATHS = (
					"$(inherited)",
					"@executable_path/Frameworks",
					"@loader_path/Frameworks",
				);
				PRODUCT_BUNDLE_IDENTIFIER = "Enlightened-Cafe.Cafe-MenuTests";
				PRODUCT_NAME = "$(TARGET_NAME)";
				SWIFT_VERSION = 4.2;
				TARGETED_DEVICE_FAMILY = "1,2";
				TEST_HOST = "$(BUILT_PRODUCTS_DIR)/Cafe Menu.app/Cafe Menu";
			};
			name = Release;
		};
		1FB5D5A220F8427C002A21C0 /* Debug */ = {
			isa = XCBuildConfiguration;
			buildSettings = {
				ALWAYS_EMBED_SWIFT_STANDARD_LIBRARIES = YES;
				CODE_SIGN_STYLE = Automatic;
				DEVELOPMENT_TEAM = NPHK93KV27;
				INFOPLIST_FILE = "Cafe MenuUITests/Info.plist";
				LD_RUNPATH_SEARCH_PATHS = (
					"$(inherited)",
					"@executable_path/Frameworks",
					"@loader_path/Frameworks",
				);
				PRODUCT_BUNDLE_IDENTIFIER = "Enlightened-Cafe.Cafe-MenuUITests";
				PRODUCT_NAME = "$(TARGET_NAME)";
				SWIFT_VERSION = 4.2;
				TARGETED_DEVICE_FAMILY = "1,2";
				TEST_TARGET_NAME = "Cafe Menu";
			};
			name = Debug;
		};
		1FB5D5A320F8427C002A21C0 /* Release */ = {
			isa = XCBuildConfiguration;
			buildSettings = {
				ALWAYS_EMBED_SWIFT_STANDARD_LIBRARIES = YES;
				CODE_SIGN_STYLE = Automatic;
				DEVELOPMENT_TEAM = NPHK93KV27;
				INFOPLIST_FILE = "Cafe MenuUITests/Info.plist";
				LD_RUNPATH_SEARCH_PATHS = (
					"$(inherited)",
					"@executable_path/Frameworks",
					"@loader_path/Frameworks",
				);
				PRODUCT_BUNDLE_IDENTIFIER = "Enlightened-Cafe.Cafe-MenuUITests";
				PRODUCT_NAME = "$(TARGET_NAME)";
				SWIFT_VERSION = 4.2;
				TARGETED_DEVICE_FAMILY = "1,2";
				TEST_TARGET_NAME = "Cafe Menu";
			};
			name = Release;
		};
/* End XCBuildConfiguration section */

/* Begin XCConfigurationList section */
		1FB5D56E20F8427A002A21C0 /* Build configuration list for PBXProject "Cafe Menu" */ = {
			isa = XCConfigurationList;
			buildConfigurations = (
				1FB5D59920F8427C002A21C0 /* Debug */,
				1FB5D59A20F8427C002A21C0 /* Release */,
			);
			defaultConfigurationIsVisible = 0;
			defaultConfigurationName = Release;
		};
		1FB5D59B20F8427C002A21C0 /* Build configuration list for PBXNativeTarget "Cafe Menu" */ = {
			isa = XCConfigurationList;
			buildConfigurations = (
				1FB5D59C20F8427C002A21C0 /* Debug */,
				1FB5D59D20F8427C002A21C0 /* Release */,
			);
			defaultConfigurationIsVisible = 0;
			defaultConfigurationName = Release;
		};
		1FB5D59E20F8427C002A21C0 /* Build configuration list for PBXNativeTarget "Cafe MenuTests" */ = {
			isa = XCConfigurationList;
			buildConfigurations = (
				1FB5D59F20F8427C002A21C0 /* Debug */,
				1FB5D5A020F8427C002A21C0 /* Release */,
			);
			defaultConfigurationIsVisible = 0;
			defaultConfigurationName = Release;
		};
		1FB5D5A120F8427C002A21C0 /* Build configuration list for PBXNativeTarget "Cafe MenuUITests" */ = {
			isa = XCConfigurationList;
			buildConfigurations = (
				1FB5D5A220F8427C002A21C0 /* Debug */,
				1FB5D5A320F8427C002A21C0 /* Release */,
			);
			defaultConfigurationIsVisible = 0;
			defaultConfigurationName = Release;
		};
/* End XCConfigurationList section */
	};
	rootObject = 1FB5D56B20F8427A002A21C0 /* Project object */;
}
